
Microsoft Visual Studio Solution File, Format Version 12.00
# Visual Studio Version 16
VisualStudioVersion = 16.0.31129.286
MinimumVisualStudioVersion = 10.0.40219.1
Project("{FAE04EC0-301F-11D3-BF4B-00C04F79EFBC}") = "WEBAPI_MODEL", "WEBAPI\WEBAPI_MODEL.csproj", "{84DB4BDC-F5BB-424E-8621-6E512515E172}"
EndProject
Project("{FAE04EC0-301F-11D3-BF4B-00C04F79EFBC}") = "TELDALUXURY", "TELDALUXURY\TELDALUXURY.csproj", "{18DDE44D-670B-46E0-8213-7D736DDFFAFD}"
EndProject
Project("{FAE04EC0-301F-11D3-BF4B-00C04F79EFBC}") = "TELDALUXURY_WEBSITE", "TELDALUXURY_WEBSITE\TELDALUXURY_WEBSITE.csproj", "{27793BEA-85AE-45EA-9C0B-9FE6D31FEDE6}"
EndProject
Project("{9A19103F-16F7-4668-BE54-9A1E7A4F7556}") = "DAPPER_WEBAPI_TELDA", "DAPPER_WEBAPI_TELDA\DAPPER_WEBAPI_TELDA.csproj", "{292443F6-CA97-4493-AB43-189131371900}"
EndProject
Global
	GlobalSection(SolutionConfigurationPlatforms) = preSolution
		Debug|Any CPU = Debug|Any CPU
		Release|Any CPU = Release|Any CPU
	EndGlobalSection
	GlobalSection(ProjectConfigurationPlatforms) = postSolution
		{84DB4BDC-F5BB-424E-8621-6E512515E172}.Debug|Any CPU.ActiveCfg = Debug|Any CPU
		{84DB4BDC-F5BB-424E-8621-6E512515E172}.Debug|Any CPU.Build.0 = Debug|Any CPU
		{84DB4BDC-F5BB-424E-8621-6E512515E172}.Release|Any CPU.ActiveCfg = Release|Any CPU
		{84DB4BDC-F5BB-424E-8621-6E512515E172}.Release|Any CPU.Build.0 = Release|Any CPU
		{18DDE44D-670B-46E0-8213-7D736DDFFAFD}.Debug|Any CPU.ActiveCfg = Debug|Any CPU
		{18DDE44D-670B-46E0-8213-7D736DDFFAFD}.Debug|Any CPU.Build.0 = Debug|Any CPU
		{18DDE44D-670B-46E0-8213-7D736DDFFAFD}.Release|Any CPU.ActiveCfg = Release|Any CPU
		{18DDE44D-670B-46E0-8213-7D736DDFFAFD}.Release|Any CPU.Build.0 = Release|Any CPU
		{27793BEA-85AE-45EA-9C0B-9FE6D31FEDE6}.Debug|Any CPU.ActiveCfg = Debug|Any CPU
		{27793BEA-85AE-45EA-9C0B-9FE6D31FEDE6}.Debug|Any CPU.Build.0 = Debug|Any CPU
		{27793BEA-85AE-45EA-9C0B-9FE6D31FEDE6}.Release|Any CPU.ActiveCfg = Release|Any CPU
		{27793BEA-85AE-45EA-9C0B-9FE6D31FEDE6}.Release|Any CPU.Build.0 = Release|Any CPU
		{292443F6-CA97-4493-AB43-189131371900}.Debug|Any CPU.ActiveCfg = Debug|Any CPU
		{292443F6-CA97-4493-AB43-189131371900}.Debug|Any CPU.Build.0 = Debug|Any CPU
		{292443F6-CA97-4493-AB43-189131371900}.Release|Any CPU.ActiveCfg = Release|Any CPU
		{292443F6-CA97-4493-AB43-189131371900}.Release|Any CPU.Build.0 = Release|Any CPU
	EndGlobalSection
	GlobalSection(SolutionProperties) = preSolution
		HideSolutionNode = FALSE
	EndGlobalSection
	GlobalSection(ExtensibilityGlobals) = postSolution
		SolutionGuid = {BF9B6B87-9219-4051-9779-DCA0FBC451AD}
	EndGlobalSection
EndGlobal
